// !$*UTF8*$!
{
	archiveVersion = 1;
	classes = {
	};
	objectVersion = 60;
	objects = {

/* Begin PBXBuildFile section */
		158A51572C97657700C71664 /* AppDelegate.swift in Sources */ = {isa = PBXBuildFile; fileRef = 158A51562C97657700C71664 /* AppDelegate.swift */; };
		158A51592C97657700C71664 /* ContentView.swift in Sources */ = {isa = PBXBuildFile; fileRef = 158A51582C97657700C71664 /* ContentView.swift */; };
		158A515B2C97657800C71664 /* Assets.xcassets in Resources */ = {isa = PBXBuildFile; fileRef = 158A515A2C97657800C71664 /* Assets.xcassets */; };
		158A515E2C97657800C71664 /* Preview Assets.xcassets in Resources */ = {isa = PBXBuildFile; fileRef = 158A515D2C97657800C71664 /* Preview Assets.xcassets */; };
		158A51682C97657800C71664 /* local_tv_video_reality_kitTests.swift in Sources */ = {isa = PBXBuildFile; fileRef = 158A51672C97657800C71664 /* local_tv_video_reality_kitTests.swift */; };
		158A51722C97657800C71664 /* local_tv_video_reality_kitUITests.swift in Sources */ = {isa = PBXBuildFile; fileRef = 158A51712C97657800C71664 /* local_tv_video_reality_kitUITests.swift */; };
		158A51742C97657800C71664 /* local_tv_video_reality_kitUITestsLaunchTests.swift in Sources */ = {isa = PBXBuildFile; fileRef = 158A51732C97657800C71664 /* local_tv_video_reality_kitUITestsLaunchTests.swift */; };
/* End PBXBuildFile section */

/* Begin PBXContainerItemProxy section */
		158A51642C97657800C71664 /* PBXContainerItemProxy */ = {
			isa = PBXContainerItemProxy;
			containerPortal = 158A514B2C97657700C71664 /* Project object */;
			proxyType = 1;
			remoteGlobalIDString = 158A51522C97657700C71664;
			remoteInfo = "local-tv-video-reality-kit";
		};
		158A516E2C97657800C71664 /* PBXContainerItemProxy */ = {
			isa = PBXContainerItemProxy;
			containerPortal = 158A514B2C97657700C71664 /* Project object */;
			proxyType = 1;
			remoteGlobalIDString = 158A51522C97657700C71664;
			remoteInfo = "local-tv-video-reality-kit";
		};
/* End PBXContainerItemProxy section */

/* Begin PBXFileReference section */
		158A51532C97657700C71664 /* local-tv-video-reality-kit.app */ = {isa = PBXFileReference; explicitFileType = wrapper.application; includeInIndex = 0; path = "local-tv-video-reality-kit.app"; sourceTree = BUILT_PRODUCTS_DIR; };
		158A51562C97657700C71664 /* AppDelegate.swift */ = {isa = PBXFileReference; lastKnownFileType = sourcecode.swift; path = AppDelegate.swift; sourceTree = "<group>"; };
		158A51582C97657700C71664 /* ContentView.swift */ = {isa = PBXFileReference; lastKnownFileType = sourcecode.swift; path = ContentView.swift; sourceTree = "<group>"; };
		158A515A2C97657800C71664 /* Assets.xcassets */ = {isa = PBXFileReference; lastKnownFileType = folder.assetcatalog; path = Assets.xcassets; sourceTree = "<group>"; };
		158A515D2C97657800C71664 /* Preview Assets.xcassets */ = {isa = PBXFileReference; lastKnownFileType = folder.assetcatalog; path = "Preview Assets.xcassets"; sourceTree = "<group>"; };
		158A51632C97657800C71664 /* local-tv-video-reality-kitTests.xctest */ = {isa = PBXFileReference; explicitFileType = wrapper.cfbundle; includeInIndex = 0; path = "local-tv-video-reality-kitTests.xctest"; sourceTree = BUILT_PRODUCTS_DIR; };
		158A51672C97657800C71664 /* local_tv_video_reality_kitTests.swift */ = {isa = PBXFileReference; lastKnownFileType = sourcecode.swift; path = local_tv_video_reality_kitTests.swift; sourceTree = "<group>"; };
		158A516D2C97657800C71664 /* local-tv-video-reality-kitUITests.xctest */ = {isa = PBXFileReference; explicitFileType = wrapper.cfbundle; includeInIndex = 0; path = "local-tv-video-reality-kitUITests.xctest"; sourceTree = BUILT_PRODUCTS_DIR; };
		158A51712C97657800C71664 /* local_tv_video_reality_kitUITests.swift */ = {isa = PBXFileReference; lastKnownFileType = sourcecode.swift; path = local_tv_video_reality_kitUITests.swift; sourceTree = "<group>"; };
		158A51732C97657800C71664 /* local_tv_video_reality_kitUITestsLaunchTests.swift */ = {isa = PBXFileReference; lastKnownFileType = sourcecode.swift; path = local_tv_video_reality_kitUITestsLaunchTests.swift; sourceTree = "<group>"; };
/* End PBXFileReference section */

/* Begin PBXFrameworksBuildPhase section */
		158A51502C97657700C71664 /* Frameworks */ = {
			isa = PBXFrameworksBuildPhase;
			buildActionMask = 2147483647;
			files = (
			);
			runOnlyForDeploymentPostprocessing = 0;
		};
		158A51602C97657800C71664 /* Frameworks */ = {
			isa = PBXFrameworksBuildPhase;
			buildActionMask = 2147483647;
			files = (
			);
			runOnlyForDeploymentPostprocessing = 0;
		};
		158A516A2C97657800C71664 /* Frameworks */ = {
			isa = PBXFrameworksBuildPhase;
			buildActionMask = 2147483647;
			files = (
			);
			runOnlyForDeploymentPostprocessing = 0;
		};
/* End PBXFrameworksBuildPhase section */

/* Begin PBXGroup section */
		158A514A2C97657700C71664 = {
			isa = PBXGroup;
			children = (
				158A51552C97657700C71664 /* local-tv-video-reality-kit */,
				158A51662C97657800C71664 /* local-tv-video-reality-kitTests */,
				158A51702C97657800C71664 /* local-tv-video-reality-kitUITests */,
				158A51542C97657700C71664 /* Products */,
			);
			sourceTree = "<group>";
		};
		158A51542C97657700C71664 /* Products */ = {
			isa = PBXGroup;
			children = (
				158A51532C97657700C71664 /* local-tv-video-reality-kit.app */,
				158A51632C97657800C71664 /* local-tv-video-reality-kitTests.xctest */,
				158A516D2C97657800C71664 /* local-tv-video-reality-kitUITests.xctest */,
			);
			name = Products;
			sourceTree = "<group>";
		};
		158A51552C97657700C71664 /* local-tv-video-reality-kit */ = {
			isa = PBXGroup;
			children = (
				158A51562C97657700C71664 /* AppDelegate.swift */,
				158A51582C97657700C71664 /* ContentView.swift */,
				158A515A2C97657800C71664 /* Assets.xcassets */,
				158A515C2C97657800C71664 /* Preview Content */,
			);
			path = "local-tv-video-reality-kit";
			sourceTree = "<group>";
		};
		158A515C2C97657800C71664 /* Preview Content */ = {
			isa = PBXGroup;
			children = (
				158A515D2C97657800C71664 /* Preview Assets.xcassets */,
			);
			path = "Preview Content";
			sourceTree = "<group>";
		};
		158A51662C97657800C71664 /* local-tv-video-reality-kitTests */ = {
			isa = PBXGroup;
			children = (
				158A51672C97657800C71664 /* local_tv_video_reality_kitTests.swift */,
			);
			path = "local-tv-video-reality-kitTests";
			sourceTree = "<group>";
		};
		158A51702C97657800C71664 /* local-tv-video-reality-kitUITests */ = {
			isa = PBXGroup;
			children = (
				158A51712C97657800C71664 /* local_tv_video_reality_kitUITests.swift */,
				158A51732C97657800C71664 /* local_tv_video_reality_kitUITestsLaunchTests.swift */,
			);
			path = "local-tv-video-reality-kitUITests";
			sourceTree = "<group>";
		};
/* End PBXGroup section */

/* Begin PBXNativeTarget section */
		158A51522C97657700C71664 /* local-tv-video-reality-kit */ = {
			isa = PBXNativeTarget;
			buildConfigurationList = 158A51772C97657800C71664 /* Build configuration list for PBXNativeTarget "local-tv-video-reality-kit" */;
			buildPhases = (
				158A514F2C97657700C71664 /* Sources */,
				158A51502C97657700C71664 /* Frameworks */,
				158A51512C97657700C71664 /* Resources */,
			);
			buildRules = (
			);
			dependencies = (
			);
			name = "local-tv-video-reality-kit";
			productName = "local-tv-video-reality-kit";
			productReference = 158A51532C97657700C71664 /* local-tv-video-reality-kit.app */;
			productType = "com.apple.product-type.application";
		};
		158A51622C97657800C71664 /* local-tv-video-reality-kitTests */ = {
			isa = PBXNativeTarget;
			buildConfigurationList = 158A517A2C97657800C71664 /* Build configuration list for PBXNativeTarget "local-tv-video-reality-kitTests" */;
			buildPhases = (
				158A515F2C97657800C71664 /* Sources */,
				158A51602C97657800C71664 /* Frameworks */,
				158A51612C97657800C71664 /* Resources */,
			);
			buildRules = (
			);
			dependencies = (
				158A51652C97657800C71664 /* PBXTargetDependency */,
			);
			name = "local-tv-video-reality-kitTests";
			productName = "local-tv-video-reality-kitTests";
			productReference = 158A51632C97657800C71664 /* local-tv-video-reality-kitTests.xctest */;
			productType = "com.apple.product-type.bundle.unit-test";
		};
		158A516C2C97657800C71664 /* local-tv-video-reality-kitUITests */ = {
			isa = PBXNativeTarget;
			buildConfigurationList = 158A517D2C97657800C71664 /* Build configuration list for PBXNativeTarget "local-tv-video-reality-kitUITests" */;
			buildPhases = (
				158A51692C97657800C71664 /* Sources */,
				158A516A2C97657800C71664 /* Frameworks */,
				158A516B2C97657800C71664 /* Resources */,
			);
			buildRules = (
			);
			dependencies = (
				158A516F2C97657800C71664 /* PBXTargetDependency */,
			);
			name = "local-tv-video-reality-kitUITests";
			productName = "local-tv-video-reality-kitUITests";
			productReference = 158A516D2C97657800C71664 /* local-tv-video-reality-kitUITests.xctest */;
			productType = "com.apple.product-type.bundle.ui-testing";
		};
/* End PBXNativeTarget section */

/* Begin PBXProject section */
		158A514B2C97657700C71664 /* Project object */ = {
			isa = PBXProject;
			attributes = {
				BuildIndependentTargetsInParallel = 1;
				LastSwiftUpdateCheck = 1600;
				LastUpgradeCheck = 1600;
				TargetAttributes = {
					158A51522C97657700C71664 = {
						CreatedOnToolsVersion = 16.0;
					};
					158A51622C97657800C71664 = {
						CreatedOnToolsVersion = 16.0;
						TestTargetID = 158A51522C97657700C71664;
					};
					158A516C2C97657800C71664 = {
						CreatedOnToolsVersion = 16.0;
						TestTargetID = 158A51522C97657700C71664;
					};
				};
			};
			buildConfigurationList = 158A514E2C97657700C71664 /* Build configuration list for PBXProject "local-tv-video-reality-kit" */;
			compatibilityVersion = "Xcode 15.0";
			developmentRegion = en;
			hasScannedForEncodings = 0;
			knownRegions = (
				en,
				Base,
			);
			mainGroup = 158A514A2C97657700C71664;
			productRefGroup = 158A51542C97657700C71664 /* Products */;
			projectDirPath = "";
			projectRoot = "";
			targets = (
				158A51522C97657700C71664 /* local-tv-video-reality-kit */,
				158A51622C97657800C71664 /* local-tv-video-reality-kitTests */,
				158A516C2C97657800C71664 /* local-tv-video-reality-kitUITests */,
			);
		};
/* End PBXProject section */

/* Begin PBXResourcesBuildPhase section */
		158A51512C97657700C71664 /* Resources */ = {
			isa = PBXResourcesBuildPhase;
			buildActionMask = 2147483647;
			files = (
				158A515E2C97657800C71664 /* Preview Assets.xcassets in Resources */,
				158A515B2C97657800C71664 /* Assets.xcassets in Resources */,
			);
			runOnlyForDeploymentPostprocessing = 0;
		};
		158A51612C97657800C71664 /* Resources */ = {
			isa = PBXResourcesBuildPhase;
			buildActionMask = 2147483647;
			files = (
			);
			runOnlyForDeploymentPostprocessing = 0;
		};
		158A516B2C97657800C71664 /* Resources */ = {
			isa = PBXResourcesBuildPhase;
			buildActionMask = 2147483647;
			files = (
			);
			runOnlyForDeploymentPostprocessing = 0;
		};
/* End PBXResourcesBuildPhase section */

/* Begin PBXSourcesBuildPhase section */
		158A514F2C97657700C71664 /* Sources */ = {
			isa = PBXSourcesBuildPhase;
			buildActionMask = 2147483647;
			files = (
				158A51592C97657700C71664 /* ContentView.swift in Sources */,
				158A51572C97657700C71664 /* AppDelegate.swift in Sources */,
			);
			runOnlyForDeploymentPostprocessing = 0;
		};
		158A515F2C97657800C71664 /* Sources */ = {
			isa = PBXSourcesBuildPhase;
			buildActionMask = 2147483647;
			files = (
				158A51682C97657800C71664 /* local_tv_video_reality_kitTests.swift in Sources */,
			);
			runOnlyForDeploymentPostprocessing = 0;
		};
		158A51692C97657800C71664 /* Sources */ = {
			isa = PBXSourcesBuildPhase;
			buildActionMask = 2147483647;
			files = (
				158A51742C97657800C71664 /* local_tv_video_reality_kitUITestsLaunchTests.swift in Sources */,
				158A51722C97657800C71664 /* local_tv_video_reality_kitUITests.swift in Sources */,
			);
			runOnlyForDeploymentPostprocessing = 0;
		};
/* End PBXSourcesBuildPhase section */

/* Begin PBXTargetDependency section */
		158A51652C97657800C71664 /* PBXTargetDependency */ = {
			isa = PBXTargetDependency;
			target = 158A51522C97657700C71664 /* local-tv-video-reality-kit */;
			targetProxy = 158A51642C97657800C71664 /* PBXContainerItemProxy */;
		};
		158A516F2C97657800C71664 /* PBXTargetDependency */ = {
			isa = PBXTargetDependency;
			target = 158A51522C97657700C71664 /* local-tv-video-reality-kit */;
			targetProxy = 158A516E2C97657800C71664 /* PBXContainerItemProxy */;
		};
/* End PBXTargetDependency section */

/* Begin XCBuildConfiguration section */
		158A51752C97657800C71664 /* Debug */ = {
			isa = XCBuildConfiguration;
			buildSettings = {
				ALWAYS_SEARCH_USER_PATHS = NO;
				ASSETCATALOG_COMPILER_GENERATE_SWIFT_ASSET_SYMBOL_EXTENSIONS = YES;
				CLANG_ANALYZER_NONNULL = YES;
				CLANG_ANALYZER_NUMBER_OBJECT_CONVERSION = YES_AGGRESSIVE;
				CLANG_CXX_LANGUAGE_STANDARD = "gnu++20";
				CLANG_ENABLE_MODULES = YES;
				CLANG_ENABLE_OBJC_ARC = YES;
				CLANG_ENABLE_OBJC_WEAK = YES;
				CLANG_WARN_BLOCK_CAPTURE_AUTORELEASING = YES;
				CLANG_WARN_BOOL_CONVERSION = YES;
				CLANG_WARN_COMMA = YES;
				CLANG_WARN_CONSTANT_CONVERSION = YES;
				CLANG_WARN_DEPRECATED_OBJC_IMPLEMENTATIONS = YES;
				CLANG_WARN_DIRECT_OBJC_ISA_USAGE = YES_ERROR;
				CLANG_WARN_DOCUMENTATION_COMMENTS = YES;
				CLANG_WARN_EMPTY_BODY = YES;
				CLANG_WARN_ENUM_CONVERSION = YES;
				CLANG_WARN_INFINITE_RECURSION = YES;
				CLANG_WARN_INT_CONVERSION = YES;
				CLANG_WARN_NON_LITERAL_NULL_CONVERSION = YES;
				CLANG_WARN_OBJC_IMPLICIT_RETAIN_SELF = YES;
				CLANG_WARN_OBJC_LITERAL_CONVERSION = YES;
				CLANG_WARN_OBJC_ROOT_CLASS = YES_ERROR;
				CLANG_WARN_QUOTED_INCLUDE_IN_FRAMEWORK_HEADER = YES;
				CLANG_WARN_RANGE_LOOP_ANALYSIS = YES;
				CLANG_WARN_STRICT_PROTOTYPES = YES;
				CLANG_WARN_SUSPICIOUS_MOVE = YES;
				CLANG_WARN_UNGUARDED_AVAILABILITY = YES_AGGRESSIVE;
				CLANG_WARN_UNREACHABLE_CODE = YES;
				CLANG_WARN__DUPLICATE_METHOD_MATCH = YES;
				COPY_PHASE_STRIP = NO;
				DEBUG_INFORMATION_FORMAT = dwarf;
				ENABLE_STRICT_OBJC_MSGSEND = YES;
				ENABLE_TESTABILITY = YES;
				ENABLE_USER_SCRIPT_SANDBOXING = YES;
				GCC_C_LANGUAGE_STANDARD = gnu17;
				GCC_DYNAMIC_NO_PIC = NO;
				GCC_NO_COMMON_BLOCKS = YES;
				GCC_OPTIMIZATION_LEVEL = 0;
				GCC_PREPROCESSOR_DEFINITIONS = (
					"DEBUG=1",
					"$(inherited)",
				);
				GCC_WARN_64_TO_32_BIT_CONVERSION = YES;
				GCC_WARN_ABOUT_RETURN_TYPE = YES_ERROR;
				GCC_WARN_UNDECLARED_SELECTOR = YES;
				GCC_WARN_UNINITIALIZED_AUTOS = YES_AGGRESSIVE;
				GCC_WARN_UNUSED_FUNCTION = YES;
				GCC_WARN_UNUSED_VARIABLE = YES;
				IPHONEOS_DEPLOYMENT_TARGET = 18.0;
				LOCALIZATION_PREFERS_STRING_CATALOGS = YES;
				MTL_ENABLE_DEBUG_INFO = INCLUDE_SOURCE;
				MTL_FAST_MATH = YES;
				ONLY_ACTIVE_ARCH = YES;
				SDKROOT = iphoneos;
				SWIFT_ACTIVE_COMPILATION_CONDITIONS = "DEBUG $(inherited)";
				SWIFT_OPTIMIZATION_LEVEL = "-Onone";
			};
			name = Debug;
		};
		158A51762C97657800C71664 /* Release */ = {
			isa = XCBuildConfiguration;
			buildSettings = {
				ALWAYS_SEARCH_USER_PATHS = NO;
				ASSETCATALOG_COMPILER_GENERATE_SWIFT_ASSET_SYMBOL_EXTENSIONS = YES;
				CLANG_ANALYZER_NONNULL = YES;
				CLANG_ANALYZER_NUMBER_OBJECT_CONVERSION = YES_AGGRESSIVE;
				CLANG_CXX_LANGUAGE_STANDARD = "gnu++20";
				CLANG_ENABLE_MODULES = YES;
				CLANG_ENABLE_OBJC_ARC = YES;
				CLANG_ENABLE_OBJC_WEAK = YES;
				CLANG_WARN_BLOCK_CAPTURE_AUTORELEASING = YES;
				CLANG_WARN_BOOL_CONVERSION = YES;
				CLANG_WARN_COMMA = YES;
				CLANG_WARN_CONSTANT_CONVERSION = YES;
				CLANG_WARN_DEPRECATED_OBJC_IMPLEMENTATIONS = YES;
				CLANG_WARN_DIRECT_OBJC_ISA_USAGE = YES_ERROR;
				CLANG_WARN_DOCUMENTATION_COMMENTS = YES;
				CLANG_WARN_EMPTY_BODY = YES;
				CLANG_WARN_ENUM_CONVERSION = YES;
				CLANG_WARN_INFINITE_RECURSION = YES;
				CLANG_WARN_INT_CONVERSION = YES;
				CLANG_WARN_NON_LITERAL_NULL_CONVERSION = YES;
				CLANG_WARN_OBJC_IMPLICIT_RETAIN_SELF = YES;
				CLANG_WARN_OBJC_LITERAL_CONVERSION = YES;
				CLANG_WARN_OBJC_ROOT_CLASS = YES_ERROR;
				CLANG_WARN_QUOTED_INCLUDE_IN_FRAMEWORK_HEADER = YES;
				CLANG_WARN_RANGE_LOOP_ANALYSIS = YES;
				CLANG_WARN_STRICT_PROTOTYPES = YES;
				CLANG_WARN_SUSPICIOUS_MOVE = YES;
				CLANG_WARN_UNGUARDED_AVAILABILITY = YES_AGGRESSIVE;
				CLANG_WARN_UNREACHABLE_CODE = YES;
				CLANG_WARN__DUPLICATE_METHOD_MATCH = YES;
				COPY_PHASE_STRIP = NO;
				DEBUG_INFORMATION_FORMAT = "dwarf-with-dsym";
				ENABLE_NS_ASSERTIONS = NO;
				ENABLE_STRICT_OBJC_MSGSEND = YES;
				ENABLE_USER_SCRIPT_SANDBOXING = YES;
				GCC_C_LANGUAGE_STANDARD = gnu17;
				GCC_NO_COMMON_BLOCKS = YES;
				GCC_WARN_64_TO_32_BIT_CONVERSION = YES;
				GCC_WARN_ABOUT_RETURN_TYPE = YES_ERROR;
				GCC_WARN_UNDECLARED_SELECTOR = YES;
				GCC_WARN_UNINITIALIZED_AUTOS = YES_AGGRESSIVE;
				GCC_WARN_UNUSED_FUNCTION = YES;
				GCC_WARN_UNUSED_VARIABLE = YES;
				IPHONEOS_DEPLOYMENT_TARGET = 18.0;
				LOCALIZATION_PREFERS_STRING_CATALOGS = YES;
				MTL_ENABLE_DEBUG_INFO = NO;
				MTL_FAST_MATH = YES;
				SDKROOT = iphoneos;
				SWIFT_COMPILATION_MODE = wholemodule;
				VALIDATE_PRODUCT = YES;
			};
			name = Release;
		};
		158A51782C97657800C71664 /* Debug */ = {
			isa = XCBuildConfiguration;
			buildSettings = {
				ASSETCATALOG_COMPILER_APPICON_NAME = AppIcon;
				ASSETCATALOG_COMPILER_GLOBAL_ACCENT_COLOR_NAME = AccentColor;
				CODE_SIGN_STYLE = Automatic;
				CURRENT_PROJECT_VERSION = 1;
				DEVELOPMENT_ASSET_PATHS = "\"local-tv-video-reality-kit/Preview Content\"";
				ENABLE_PREVIEWS = YES;
				GENERATE_INFOPLIST_FILE = YES;
				INFOPLIST_KEY_NSCameraUsageDescription = "";
				INFOPLIST_KEY_UIApplicationSupportsIndirectInputEvents = YES;
				INFOPLIST_KEY_UILaunchScreen_Generation = YES;
				INFOPLIST_KEY_UIRequiredDeviceCapabilities = arkit;
				INFOPLIST_KEY_UIStatusBarHidden = YES;
				INFOPLIST_KEY_UISupportedInterfaceOrientations_iPad = "UIInterfaceOrientationPortrait UIInterfaceOrientationPortraitUpsideDown UIInterfaceOrientationLandscapeLeft UIInterfaceOrientationLandscapeRight";
				INFOPLIST_KEY_UISupportedInterfaceOrientations_iPhone = "UIInterfaceOrientationPortrait UIInterfaceOrientationLandscapeLeft UIInterfaceOrientationLandscapeRight";
				LD_RUNPATH_SEARCH_PATHS = (
					"$(inherited)",
					"@executable_path/Frameworks",
				);
				MARKETING_VERSION = 1.0;
				PRODUCT_BUNDLE_IDENTIFIER = "com.swapnilxi.local-tv-video-reality-kit";
				PRODUCT_NAME = "$(TARGET_NAME)";
				SWIFT_EMIT_LOC_STRINGS = YES;
				SWIFT_VERSION = 5.0;
				TARGETED_DEVICE_FAMILY = "1,2";
			};
			name = Debug;
		};
		158A51792C97657800C71664 /* Release */ = {
			isa = XCBuildConfiguration;
			buildSettings = {
				ASSETCATALOG_COMPILER_APPICON_NAME = AppIcon;
				ASSETCATALOG_COMPILER_GLOBAL_ACCENT_COLOR_NAME = AccentColor;
				CODE_SIGN_STYLE = Automatic;
				CURRENT_PROJECT_VERSION = 1;
				DEVELOPMENT_ASSET_PATHS = "\"local-tv-video-reality-kit/Preview Content\"";
				ENABLE_PREVIEWS = YES;
				GENERATE_INFOPLIST_FILE = YES;
				INFOPLIST_KEY_NSCameraUsageDescription = "";
				INFOPLIST_KEY_UIApplicationSupportsIndirectInputEvents = YES;
				INFOPLIST_KEY_UILaunchScreen_Generation = YES;
				INFOPLIST_KEY_UIRequiredDeviceCapabilities = arkit;
				INFOPLIST_KEY_UIStatusBarHidden = YES;
				INFOPLIST_KEY_UISupportedInterfaceOrientations_iPad = "UIInterfaceOrientationPortrait UIInterfaceOrientationPortraitUpsideDown UIInterfaceOrientationLandscapeLeft UIInterfaceOrientationLandscapeRight";
				INFOPLIST_KEY_UISupportedInterfaceOrientations_iPhone = "UIInterfaceOrientationPortrait UIInterfaceOrientationLandscapeLeft UIInterfaceOrientationLandscapeRight";
				LD_RUNPATH_SEARCH_PATHS = (
					"$(inherited)",
					"@executable_path/Frameworks",
				);
				MARKETING_VERSION = 1.0;
				PRODUCT_BUNDLE_IDENTIFIER = "com.swapnilxi.local-tv-video-reality-kit";
				PRODUCT_NAME = "$(TARGET_NAME)";
				SWIFT_EMIT_LOC_STRINGS = YES;
				SWIFT_VERSION = 5.0;
				TARGETED_DEVICE_FAMILY = "1,2";
			};
			name = Release;
		};
		158A517B2C97657800C71664 /* Debug */ = {
			isa = XCBuildConfiguration;
			buildSettings = {
				BUNDLE_LOADER = "$(TEST_HOST)";
				CODE_SIGN_STYLE = Automatic;
				CURRENT_PROJECT_VERSION = 1;
				GENERATE_INFOPLIST_FILE = YES;
				IPHONEOS_DEPLOYMENT_TARGET = 18.0;
				MARKETING_VERSION = 1.0;
				PRODUCT_BUNDLE_IDENTIFIER = "com.swapnilxi.local-tv-video-reality-kitTests";
				PRODUCT_NAME = "$(TARGET_NAME)";
				SWIFT_EMIT_LOC_STRINGS = NO;
				SWIFT_VERSION = 5.0;
				TARGETED_DEVICE_FAMILY = "1,2";
				TEST_HOST = "$(BUILT_PRODUCTS_DIR)/local-tv-video-reality-kit.app/$(BUNDLE_EXECUTABLE_FOLDER_PATH)/local-tv-video-reality-kit";
			};
			name = Debug;
		};
		158A517C2C97657800C71664 /* Release */ = {
			isa = XCBuildConfiguration;
			buildSettings = {
				BUNDLE_LOADER = "$(TEST_HOST)";
				CODE_SIGN_STYLE = Automatic;
				CURRENT_PROJECT_VERSION = 1;
				GENERATE_INFOPLIST_FILE = YES;
				IPHONEOS_DEPLOYMENT_TARGET = 18.0;
				MARKETING_VERSION = 1.0;
				PRODUCT_BUNDLE_IDENTIFIER = "com.swapnilxi.local-tv-video-reality-kitTests";
				PRODUCT_NAME = "$(TARGET_NAME)";
				SWIFT_EMIT_LOC_STRINGS = NO;
				SWIFT_VERSION = 5.0;
				TARGETED_DEVICE_FAMILY = "1,2";
				TEST_HOST = "$(BUILT_PRODUCTS_DIR)/local-tv-video-reality-kit.app/$(BUNDLE_EXECUTABLE_FOLDER_PATH)/local-tv-video-reality-kit";
			};
			name = Release;
		};
		158A517E2C97657800C71664 /* Debug */ = {
			isa = XCBuildConfiguration;
			buildSettings = {
				CODE_SIGN_STYLE = Automatic;
				CURRENT_PROJECT_VERSION = 1;
				GENERATE_INFOPLIST_FILE = YES;
				MARKETING_VERSION = 1.0;
				PRODUCT_BUNDLE_IDENTIFIER = "com.swapnilxi.local-tv-video-reality-kitUITests";
				PRODUCT_NAME = "$(TARGET_NAME)";
				SWIFT_EMIT_LOC_STRINGS = NO;
				SWIFT_VERSION = 5.0;
				TARGETED_DEVICE_FAMILY = "1,2";
				TEST_TARGET_NAME = "local-tv-video-reality-kit";
			};
			name = Debug;
		};
		158A517F2C97657800C71664 /* Release */ = {
			isa = XCBuildConfiguration;
			buildSettings = {
				CODE_SIGN_STYLE = Automatic;
				CURRENT_PROJECT_VERSION = 1;
				GENERATE_INFOPLIST_FILE = YES;
				MARKETING_VERSION = 1.0;
				PRODUCT_BUNDLE_IDENTIFIER = "com.swapnilxi.local-tv-video-reality-kitUITests";
				PRODUCT_NAME = "$(TARGET_NAME)";
				SWIFT_EMIT_LOC_STRINGS = NO;
				SWIFT_VERSION = 5.0;
				TARGETED_DEVICE_FAMILY = "1,2";
				TEST_TARGET_NAME = "local-tv-video-reality-kit";
			};
			name = Release;
		};
/* End XCBuildConfiguration section */

/* Begin XCConfigurationList section */
		158A514E2C97657700C71664 /* Build configuration list for PBXProject "local-tv-video-reality-kit" */ = {
			isa = XCConfigurationList;
			buildConfigurations = (
				158A51752C97657800C71664 /* Debug */,
				158A51762C97657800C71664 /* Release */,
			);
			defaultConfigurationIsVisible = 0;
			defaultConfigurationName = Release;
		};
		158A51772C97657800C71664 /* Build configuration list for PBXNativeTarget "local-tv-video-reality-kit" */ = {
			isa = XCConfigurationList;
			buildConfigurations = (
				158A51782C97657800C71664 /* Debug */,
				158A51792C97657800C71664 /* Release */,
			);
			defaultConfigurationIsVisible = 0;
			defaultConfigurationName = Release;
		};
		158A517A2C97657800C71664 /* Build configuration list for PBXNativeTarget "local-tv-video-reality-kitTests" */ = {
			isa = XCConfigurationList;
			buildConfigurations = (
				158A517B2C97657800C71664 /* Debug */,
				158A517C2C97657800C71664 /* Release */,
			);
			defaultConfigurationIsVisible = 0;
			defaultConfigurationName = Release;
		};
		158A517D2C97657800C71664 /* Build configuration list for PBXNativeTarget "local-tv-video-reality-kitUITests" */ = {
			isa = XCConfigurationList;
			buildConfigurations = (
				158A517E2C97657800C71664 /* Debug */,
				158A517F2C97657800C71664 /* Release */,
			);
			defaultConfigurationIsVisible = 0;
			defaultConfigurationName = Release;
		};
/* End XCConfigurationList section */
	};
	rootObject = 158A514B2C97657700C71664 /* Project object */;
}
